
Microsoft Visual Studio Solution File, Format Version 12.00
# Visual Studio 2012
Project("{FAE04EC0-301F-11D3-BF4B-00C04F79EFBC}") = "SimpleStates", "SimpleStates.csproj", "{DAE08E08-6D83-4FD8-834E-EF849B9615D6}"
EndProject
Project("{FAE04EC0-301F-11D3-BF4B-00C04F79EFBC}") = "SimpleStates.Tests", "..\SimpleStates.Tests\SimpleStates.Tests.csproj", "{629647B3-72CF-4F83-9F00-B5C4D79CC7D7}"
EndProject
Global
	GlobalSection(SolutionConfigurationPlatforms) = preSolution
		Debug|Any CPU = Debug|Any CPU
		Release|Any CPU = Release|Any CPU
	EndGlobalSection
	GlobalSection(ProjectConfigurationPlatforms) = postSolution
		{629647B3-72CF-4F83-9F00-B5C4D79CC7D7}.Debug|Any CPU.ActiveCfg = Debug|Any CPU
		{629647B3-72CF-4F83-9F00-B5C4D79CC7D7}.Debug|Any CPU.Build.0 = Debug|Any CPU
		{629647B3-72CF-4F83-9F00-B5C4D79CC7D7}.Release|Any CPU.ActiveCfg = Release|Any CPU
		{629647B3-72CF-4F83-9F00-B5C4D79CC7D7}.Release|Any CPU.Build.0 = Release|Any CPU
		{DAE08E08-6D83-4FD8-834E-EF849B9615D6}.Debug|Any CPU.ActiveCfg = Debug|Any CPU
		{DAE08E08-6D83-4FD8-834E-EF849B9615D6}.Debug|Any CPU.Build.0 = Debug|Any CPU
		{DAE08E08-6D83-4FD8-834E-EF849B9615D6}.Release|Any CPU.ActiveCfg = Release|Any CPU
		{DAE08E08-6D83-4FD8-834E-EF849B9615D6}.Release|Any CPU.Build.0 = Release|Any CPU
	EndGlobalSection
	GlobalSection(MonoDevelopProperties) = preSolution
		StartupItem = SimpleStates.csproj
		Policies = $0
		$0.TextStylePolicy = $1
		$1.TabsToSpaces = False
		$1.NoTabsAfterNonTabs = True
		$1.inheritsSet = VisualStudio
		$1.inheritsScope = text/plain
		$1.scope = text/x-csharp
		$0.CSharpFormattingPolicy = $2
		$2.IndentSwitchBody = True
		$2.IndentBreakStatements = False
		$2.EventBraceStyle = NextLine
		$2.StatementBraceStyle = NextLine
		$2.ElseNewLinePlacement = NewLine
		$2.CatchNewLinePlacement = NewLine
		$2.FinallyNewLinePlacement = NewLine
		$2.WhileNewLinePlacement = DoNotCare
		$2.ArrayInitializerWrapping = DoNotChange
		$2.ArrayInitializerBraceStyle = NextLine
		$2.BeforeMethodDeclarationParentheses = False
		$2.BeforeMethodCallParentheses = False
		$2.BeforeConstructorDeclarationParentheses = False
		$2.BeforeDelegateDeclarationParentheses = False
		$2.NewParentheses = False
		$2.SpacesBeforeBrackets = False
		$2.inheritsSet = Mono
		$2.inheritsScope = text/x-csharp
		$2.scope = text/x-csharp
	EndGlobalSection
EndGlobal
